{
  "name": "js_first",
  "lockfileVersion": 3,
  "requires": true,
  "packages": {
    "": {
      "dependencies": {
        "mermaid-palindrome": "file:../palindrome"
      }
    },
    "../palindrome": {
      "name": "mermaid-palindrome",
      "version": "0.1.0",
      "license": "ISC"
    },
    "node_modules/mermaid-palindrome": {
      "resolved": "../palindrome",
      "link": true
    }
  }
}
